// !$*UTF8*$!
{
	archiveVersion = 1;
	classes = {
	};
	objectVersion = 50;
	objects = {

/* Begin PBXBuildFile section */
		0D40D068DB6B83F3B60C4321 /* Pods_GSTest.framework in Frameworks */ = {isa = PBXBuildFile; fileRef = 3FA390611B4E81C5CEB4DCD6 /* Pods_GSTest.framework */; };
		F24AEB9C25CDF7A50058EE2D /* GoogleService-Info.plist in Resources */ = {isa = PBXBuildFile; fileRef = F24AEB9B25CDF7A50058EE2D /* GoogleService-Info.plist */; };
		F2C8D4A725C3C7D600ECDD36 /* GSTestApp.swift in Sources */ = {isa = PBXBuildFile; fileRef = F2C8D4A625C3C7D600ECDD36 /* GSTestApp.swift */; };
		F2C8D4A925C3C7D600ECDD36 /* ContentView.swift in Sources */ = {isa = PBXBuildFile; fileRef = F2C8D4A825C3C7D600ECDD36 /* ContentView.swift */; };
		F2C8D4AB25C3C7D900ECDD36 /* Assets.xcassets in Resources */ = {isa = PBXBuildFile; fileRef = F2C8D4AA25C3C7D900ECDD36 /* Assets.xcassets */; };
		F2C8D4AE25C3C7D900ECDD36 /* Preview Assets.xcassets in Resources */ = {isa = PBXBuildFile; fileRef = F2C8D4AD25C3C7D900ECDD36 /* Preview Assets.xcassets */; };
/* End PBXBuildFile section */

/* Begin PBXFileReference section */
		3FA390611B4E81C5CEB4DCD6 /* Pods_GSTest.framework */ = {isa = PBXFileReference; explicitFileType = wrapper.framework; includeInIndex = 0; path = Pods_GSTest.framework; sourceTree = BUILT_PRODUCTS_DIR; };
		4D54A2D62A35E6856DF27A9E /* Pods-GSTest.release.xcconfig */ = {isa = PBXFileReference; includeInIndex = 1; lastKnownFileType = text.xcconfig; name = "Pods-GSTest.release.xcconfig"; path = "Target Support Files/Pods-GSTest/Pods-GSTest.release.xcconfig"; sourceTree = "<group>"; };
		79BB1E6DBBED0D41E2B78DDB /* Pods-GSTest.debug.xcconfig */ = {isa = PBXFileReference; includeInIndex = 1; lastKnownFileType = text.xcconfig; name = "Pods-GSTest.debug.xcconfig"; path = "Target Support Files/Pods-GSTest/Pods-GSTest.debug.xcconfig"; sourceTree = "<group>"; };
		F24AEB9B25CDF7A50058EE2D /* GoogleService-Info.plist */ = {isa = PBXFileReference; fileEncoding = 4; lastKnownFileType = text.plist.xml; path = "GoogleService-Info.plist"; sourceTree = "<group>"; };
		F2C8D4A325C3C7D600ECDD36 /* GSTest.app */ = {isa = PBXFileReference; explicitFileType = wrapper.application; includeInIndex = 0; path = GSTest.app; sourceTree = BUILT_PRODUCTS_DIR; };
		F2C8D4A625C3C7D600ECDD36 /* GSTestApp.swift */ = {isa = PBXFileReference; lastKnownFileType = sourcecode.swift; path = GSTestApp.swift; sourceTree = "<group>"; };
		F2C8D4A825C3C7D600ECDD36 /* ContentView.swift */ = {isa = PBXFileReference; lastKnownFileType = sourcecode.swift; path = ContentView.swift; sourceTree = "<group>"; };
		F2C8D4AA25C3C7D900ECDD36 /* Assets.xcassets */ = {isa = PBXFileReference; lastKnownFileType = folder.assetcatalog; path = Assets.xcassets; sourceTree = "<group>"; };
		F2C8D4AD25C3C7D900ECDD36 /* Preview Assets.xcassets */ = {isa = PBXFileReference; lastKnownFileType = folder.assetcatalog; path = "Preview Assets.xcassets"; sourceTree = "<group>"; };
		F2C8D4AF25C3C7D900ECDD36 /* Info.plist */ = {isa = PBXFileReference; lastKnownFileType = text.plist.xml; path = Info.plist; sourceTree = "<group>"; };
/* End PBXFileReference section */

/* Begin PBXFrameworksBuildPhase section */
		F2C8D4A025C3C7D600ECDD36 /* Frameworks */ = {
			isa = PBXFrameworksBuildPhase;
			buildActionMask = 2147483647;
			files = (
				0D40D068DB6B83F3B60C4321 /* Pods_GSTest.framework in Frameworks */,
			);
			runOnlyForDeploymentPostprocessing = 0;
		};
/* End PBXFrameworksBuildPhase section */

/* Begin PBXGroup section */
		136161C12E63B1EBBF64CC6E /* Pods */ = {
			isa = PBXGroup;
			children = (
				79BB1E6DBBED0D41E2B78DDB /* Pods-GSTest.debug.xcconfig */,
				4D54A2D62A35E6856DF27A9E /* Pods-GSTest.release.xcconfig */,
			);
			name = Pods;
			path = Pods;
			sourceTree = "<group>";
		};
		230DCCE5B067F29350EDA0FA /* Frameworks */ = {
			isa = PBXGroup;
			children = (
				3FA390611B4E81C5CEB4DCD6 /* Pods_GSTest.framework */,
			);
			name = Frameworks;
			sourceTree = "<group>";
		};
		F2C8D49A25C3C7D600ECDD36 = {
			isa = PBXGroup;
			children = (
				F24AEB9B25CDF7A50058EE2D /* GoogleService-Info.plist */,
				F2C8D4A525C3C7D600ECDD36 /* GSTest */,
				F2C8D4A425C3C7D600ECDD36 /* Products */,
				136161C12E63B1EBBF64CC6E /* Pods */,
				230DCCE5B067F29350EDA0FA /* Frameworks */,
			);
			sourceTree = "<group>";
		};
		F2C8D4A425C3C7D600ECDD36 /* Products */ = {
			isa = PBXGroup;
			children = (
				F2C8D4A325C3C7D600ECDD36 /* GSTest.app */,
			);
			name = Products;
			sourceTree = "<group>";
		};
		F2C8D4A525C3C7D600ECDD36 /* GSTest */ = {
			isa = PBXGroup;
			children = (
				F2C8D4A625C3C7D600ECDD36 /* GSTestApp.swift */,
				F2C8D4A825C3C7D600ECDD36 /* ContentView.swift */,
				F2C8D4AA25C3C7D900ECDD36 /* Assets.xcassets */,
				F2C8D4AF25C3C7D900ECDD36 /* Info.plist */,
				F2C8D4AC25C3C7D900ECDD36 /* Preview Content */,
			);
			path = GSTest;
			sourceTree = "<group>";
		};
		F2C8D4AC25C3C7D900ECDD36 /* Preview Content */ = {
			isa = PBXGroup;
			children = (
				F2C8D4AD25C3C7D900ECDD36 /* Preview Assets.xcassets */,
			);
			path = "Preview Content";
			sourceTree = "<group>";
		};
/* End PBXGroup section */

/* Begin PBXNativeTarget section */
		F2C8D4A225C3C7D600ECDD36 /* GSTest */ = {
			isa = PBXNativeTarget;
			buildConfigurationList = F2C8D4B225C3C7D900ECDD36 /* Build configuration list for PBXNativeTarget "GSTest" */;
			buildPhases = (
				521B74F42647EA506DD8EB8A /* [CP] Check Pods Manifest.lock */,
				F2C8D49F25C3C7D600ECDD36 /* Sources */,
				F2C8D4A025C3C7D600ECDD36 /* Frameworks */,
				F2C8D4A125C3C7D600ECDD36 /* Resources */,
				1DD63709BC69BD0CE6311B84 /* [CP] Embed Pods Frameworks */,
				3AAF6E32D2293887775BC931 /* [CP] Copy Pods Resources */,
			);
			buildRules = (
			);
			dependencies = (
			);
			name = GSTest;
			productName = GSTest;
			productReference = F2C8D4A325C3C7D600ECDD36 /* GSTest.app */;
			productType = "com.apple.product-type.application";
		};
/* End PBXNativeTarget section */

/* Begin PBXProject section */
		F2C8D49B25C3C7D600ECDD36 /* Project object */ = {
			isa = PBXProject;
			attributes = {
				LastSwiftUpdateCheck = 1200;
				LastUpgradeCheck = 1200;
				TargetAttributes = {
					F2C8D4A225C3C7D600ECDD36 = {
						CreatedOnToolsVersion = 12.0.1;
					};
				};
			};
			buildConfigurationList = F2C8D49E25C3C7D600ECDD36 /* Build configuration list for PBXProject "GSTest" */;
			compatibilityVersion = "Xcode 9.3";
			developmentRegion = en;
			hasScannedForEncodings = 0;
			knownRegions = (
				en,
				Base,
			);
			mainGroup = F2C8D49A25C3C7D600ECDD36;
			productRefGroup = F2C8D4A425C3C7D600ECDD36 /* Products */;
			projectDirPath = "";
			projectRoot = "";
			targets = (
				F2C8D4A225C3C7D600ECDD36 /* GSTest */,
			);
		};
/* End PBXProject section */

/* Begin PBXResourcesBuildPhase section */
		F2C8D4A125C3C7D600ECDD36 /* Resources */ = {
			isa = PBXResourcesBuildPhase;
			buildActionMask = 2147483647;
			files = (
				F2C8D4AE25C3C7D900ECDD36 /* Preview Assets.xcassets in Resources */,
				F2C8D4AB25C3C7D900ECDD36 /* Assets.xcassets in Resources */,
				F24AEB9C25CDF7A50058EE2D /* GoogleService-Info.plist in Resources */,
			);
			runOnlyForDeploymentPostprocessing = 0;
		};
/* End PBXResourcesBuildPhase section */

/* Begin PBXShellScriptBuildPhase section */
		1DD63709BC69BD0CE6311B84 /* [CP] Embed Pods Frameworks */ = {
			isa = PBXShellScriptBuildPhase;
			buildActionMask = 2147483647;
			files = (
			);
			inputFileListPaths = (
				"${PODS_ROOT}/Target Support Files/Pods-GSTest/Pods-GSTest-frameworks-${CONFIGURATION}-input-files.xcfilelist",
			);
			name = "[CP] Embed Pods Frameworks";
			outputFileListPaths = (
				"${PODS_ROOT}/Target Support Files/Pods-GSTest/Pods-GSTest-frameworks-${CONFIGURATION}-output-files.xcfilelist",
			);
			runOnlyForDeploymentPostprocessing = 0;
			shellPath = /bin/sh;
			shellScript = "\"${PODS_ROOT}/Target Support Files/Pods-GSTest/Pods-GSTest-frameworks.sh\"\n";
			showEnvVarsInLog = 0;
		};
		3AAF6E32D2293887775BC931 /* [CP] Copy Pods Resources */ = {
			isa = PBXShellScriptBuildPhase;
			buildActionMask = 2147483647;
			files = (
			);
			inputFileListPaths = (
				"${PODS_ROOT}/Target Support Files/Pods-GSTest/Pods-GSTest-resources-${CONFIGURATION}-input-files.xcfilelist",
			);
			name = "[CP] Copy Pods Resources";
			outputFileListPaths = (
				"${PODS_ROOT}/Target Support Files/Pods-GSTest/Pods-GSTest-resources-${CONFIGURATION}-output-files.xcfilelist",
			);
			runOnlyForDeploymentPostprocessing = 0;
			shellPath = /bin/sh;
			shellScript = "\"${PODS_ROOT}/Target Support Files/Pods-GSTest/Pods-GSTest-resources.sh\"\n";
			showEnvVarsInLog = 0;
		};
		521B74F42647EA506DD8EB8A /* [CP] Check Pods Manifest.lock */ = {
			isa = PBXShellScriptBuildPhase;
			buildActionMask = 2147483647;
			files = (
			);
			inputFileListPaths = (
			);
			inputPaths = (
				"${PODS_PODFILE_DIR_PATH}/Podfile.lock",
				"${PODS_ROOT}/Manifest.lock",
			);
			name = "[CP] Check Pods Manifest.lock";
			outputFileListPaths = (
			);
			outputPaths = (
				"$(DERIVED_FILE_DIR)/Pods-GSTest-checkManifestLockResult.txt",
			);
			runOnlyForDeploymentPostprocessing = 0;
			shellPath = /bin/sh;
			shellScript = "diff \"${PODS_PODFILE_DIR_PATH}/Podfile.lock\" \"${PODS_ROOT}/Manifest.lock\" > /dev/null\nif [ $? != 0 ] ; then\n    # print error to STDERR\n    echo \"error: The sandbox is not in sync with the Podfile.lock. Run 'pod install' or update your CocoaPods installation.\" >&2\n    exit 1\nfi\n# This output is used by Xcode 'outputs' to avoid re-running this script phase.\necho \"SUCCESS\" > \"${SCRIPT_OUTPUT_FILE_0}\"\n";
			showEnvVarsInLog = 0;
		};
/* End PBXShellScriptBuildPhase section */

/* Begin PBXSourcesBuildPhase section */
		F2C8D49F25C3C7D600ECDD36 /* Sources */ = {
			isa = PBXSourcesBuildPhase;
			buildActionMask = 2147483647;
			files = (
				F2C8D4A925C3C7D600ECDD36 /* ContentView.swift in Sources */,
				F2C8D4A725C3C7D600ECDD36 /* GSTestApp.swift in Sources */,
			);
			runOnlyForDeploymentPostprocessing = 0;
		};
/* End PBXSourcesBuildPhase section */

/* Begin XCBuildConfiguration section */
		F2C8D4B025C3C7D900ECDD36 /* Debug */ = {
			isa = XCBuildConfiguration;
			buildSettings = {
				ALWAYS_SEARCH_USER_PATHS = NO;
				CLANG_ANALYZER_NONNULL = YES;
				CLANG_ANALYZER_NUMBER_OBJECT_CONVERSION = YES_AGGRESSIVE;
				CLANG_CXX_LANGUAGE_STANDARD = "gnu++14";
				CLANG_CXX_LIBRARY = "libc++";
				CLANG_ENABLE_MODULES = YES;
				CLANG_ENABLE_OBJC_ARC = YES;
				CLANG_ENABLE_OBJC_WEAK = YES;
				CLANG_WARN_BLOCK_CAPTURE_AUTORELEASING = YES;
				CLANG_WARN_BOOL_CONVERSION = YES;
				CLANG_WARN_COMMA = YES;
				CLANG_WARN_CONSTANT_CONVERSION = YES;
				CLANG_WARN_DEPRECATED_OBJC_IMPLEMENTATIONS = YES;
				CLANG_WARN_DIRECT_OBJC_ISA_USAGE = YES_ERROR;
				CLANG_WARN_DOCUMENTATION_COMMENTS = YES;
				CLANG_WARN_EMPTY_BODY = YES;
				CLANG_WARN_ENUM_CONVERSION = YES;
				CLANG_WARN_INFINITE_RECURSION = YES;
				CLANG_WARN_INT_CONVERSION = YES;
				CLANG_WARN_NON_LITERAL_NULL_CONVERSION = YES;
				CLANG_WARN_OBJC_IMPLICIT_RETAIN_SELF = YES;
				CLANG_WARN_OBJC_LITERAL_CONVERSION = YES;
				CLANG_WARN_OBJC_ROOT_CLASS = YES_ERROR;
				CLANG_WARN_QUOTED_INCLUDE_IN_FRAMEWORK_HEADER = YES;
				CLANG_WARN_RANGE_LOOP_ANALYSIS = YES;
				CLANG_WARN_STRICT_PROTOTYPES = YES;
				CLANG_WARN_SUSPICIOUS_MOVE = YES;
				CLANG_WARN_UNGUARDED_AVAILABILITY = YES_AGGRESSIVE;
				CLANG_WARN_UNREACHABLE_CODE = YES;
				CLANG_WARN__DUPLICATE_METHOD_MATCH = YES;
				COPY_PHASE_STRIP = NO;
				DEBUG_INFORMATION_FORMAT = dwarf;
				ENABLE_STRICT_OBJC_MSGSEND = YES;
				ENABLE_TESTABILITY = YES;
				GCC_C_LANGUAGE_STANDARD = gnu11;
				GCC_DYNAMIC_NO_PIC = NO;
				GCC_NO_COMMON_BLOCKS = YES;
				GCC_OPTIMIZATION_LEVEL = 0;
				GCC_PREPROCESSOR_DEFINITIONS = (
					"DEBUG=1",
					"$(inherited)",
				);
				GCC_WARN_64_TO_32_BIT_CONVERSION = YES;
				GCC_WARN_ABOUT_RETURN_TYPE = YES_ERROR;
				GCC_WARN_UNDECLARED_SELECTOR = YES;
				GCC_WARN_UNINITIALIZED_AUTOS = YES_AGGRESSIVE;
				GCC_WARN_UNUSED_FUNCTION = YES;
				GCC_WARN_UNUSED_VARIABLE = YES;
				IPHONEOS_DEPLOYMENT_TARGET = 14.0;
				MTL_ENABLE_DEBUG_INFO = INCLUDE_SOURCE;
				MTL_FAST_MATH = YES;
				ONLY_ACTIVE_ARCH = YES;
				SDKROOT = iphoneos;
				SWIFT_ACTIVE_COMPILATION_CONDITIONS = DEBUG;
				SWIFT_OPTIMIZATION_LEVEL = "-Onone";
			};
			name = Debug;
		};
		F2C8D4B125C3C7D900ECDD36 /* Release */ = {
			isa = XCBuildConfiguration;
			buildSettings = {
				ALWAYS_SEARCH_USER_PATHS = NO;
				CLANG_ANALYZER_NONNULL = YES;
				CLANG_ANALYZER_NUMBER_OBJECT_CONVERSION = YES_AGGRESSIVE;
				CLANG_CXX_LANGUAGE_STANDARD = "gnu++14";
				CLANG_CXX_LIBRARY = "libc++";
				CLANG_ENABLE_MODULES = YES;
				CLANG_ENABLE_OBJC_ARC = YES;
				CLANG_ENABLE_OBJC_WEAK = YES;
				CLANG_WARN_BLOCK_CAPTURE_AUTORELEASING = YES;
				CLANG_WARN_BOOL_CONVERSION = YES;
				CLANG_WARN_COMMA = YES;
				CLANG_WARN_CONSTANT_CONVERSION = YES;
				CLANG_WARN_DEPRECATED_OBJC_IMPLEMENTATIONS = YES;
				CLANG_WARN_DIRECT_OBJC_ISA_USAGE = YES_ERROR;
				CLANG_WARN_DOCUMENTATION_COMMENTS = YES;
				CLANG_WARN_EMPTY_BODY = YES;
				CLANG_WARN_ENUM_CONVERSION = YES;
				CLANG_WARN_INFINITE_RECURSION = YES;
				CLANG_WARN_INT_CONVERSION = YES;
				CLANG_WARN_NON_LITERAL_NULL_CONVERSION = YES;
				CLANG_WARN_OBJC_IMPLICIT_RETAIN_SELF = YES;
				CLANG_WARN_OBJC_LITERAL_CONVERSION = YES;
				CLANG_WARN_OBJC_ROOT_CLASS = YES_ERROR;
				CLANG_WARN_QUOTED_INCLUDE_IN_FRAMEWORK_HEADER = YES;
				CLANG_WARN_RANGE_LOOP_ANALYSIS = YES;
				CLANG_WARN_STRICT_PROTOTYPES = YES;
				CLANG_WARN_SUSPICIOUS_MOVE = YES;
				CLANG_WARN_UNGUARDED_AVAILABILITY = YES_AGGRESSIVE;
				CLANG_WARN_UNREACHABLE_CODE = YES;
				CLANG_WARN__DUPLICATE_METHOD_MATCH = YES;
				COPY_PHASE_STRIP = NO;
				DEBUG_INFORMATION_FORMAT = "dwarf-with-dsym";
				ENABLE_NS_ASSERTIONS = NO;
				ENABLE_STRICT_OBJC_MSGSEND = YES;
				GCC_C_LANGUAGE_STANDARD = gnu11;
				GCC_NO_COMMON_BLOCKS = YES;
				GCC_WARN_64_TO_32_BIT_CONVERSION = YES;
				GCC_WARN_ABOUT_RETURN_TYPE = YES_ERROR;
				GCC_WARN_UNDECLARED_SELECTOR = YES;
				GCC_WARN_UNINITIALIZED_AUTOS = YES_AGGRESSIVE;
				GCC_WARN_UNUSED_FUNCTION = YES;
				GCC_WARN_UNUSED_VARIABLE = YES;
				IPHONEOS_DEPLOYMENT_TARGET = 14.0;
				MTL_ENABLE_DEBUG_INFO = NO;
				MTL_FAST_MATH = YES;
				SDKROOT = iphoneos;
				SWIFT_COMPILATION_MODE = wholemodule;
				SWIFT_OPTIMIZATION_LEVEL = "-O";
				VALIDATE_PRODUCT = YES;
			};
			name = Release;
		};
		F2C8D4B325C3C7D900ECDD36 /* Debug */ = {
			isa = XCBuildConfiguration;
			baseConfigurationReference = 79BB1E6DBBED0D41E2B78DDB /* Pods-GSTest.debug.xcconfig */;
			buildSettings = {
				ASSETCATALOG_COMPILER_APPICON_NAME = AppIcon;
				ASSETCATALOG_COMPILER_GLOBAL_ACCENT_COLOR_NAME = AccentColor;
				CODE_SIGN_STYLE = Automatic;
				DEVELOPMENT_ASSET_PATHS = "\"GSTest/Preview Content\"";
				ENABLE_PREVIEWS = YES;
				INFOPLIST_FILE = GSTest/Info.plist;
				IPHONEOS_DEPLOYMENT_TARGET = 14.0;
				LD_RUNPATH_SEARCH_PATHS = (
					"$(inherited)",
					"@executable_path/Frameworks",
				);
				PRODUCT_BUNDLE_IDENTIFIER = com.SpainwotheS.GSTest;
				PRODUCT_NAME = "$(TARGET_NAME)";
				SWIFT_VERSION = 5.0;
				TARGETED_DEVICE_FAMILY = "1,2";
			};
			name = Debug;
		};
		F2C8D4B425C3C7D900ECDD36 /* Release */ = {
			isa = XCBuildConfiguration;
			baseConfigurationReference = 4D54A2D62A35E6856DF27A9E /* Pods-GSTest.release.xcconfig */;
			buildSettings = {
				ASSETCATALOG_COMPILER_APPICON_NAME = AppIcon;
				ASSETCATALOG_COMPILER_GLOBAL_ACCENT_COLOR_NAME = AccentColor;
				CODE_SIGN_STYLE = Automatic;
				DEVELOPMENT_ASSET_PATHS = "\"GSTest/Preview Content\"";
				ENABLE_PREVIEWS = YES;
				INFOPLIST_FILE = GSTest/Info.plist;
				IPHONEOS_DEPLOYMENT_TARGET = 14.0;
				LD_RUNPATH_SEARCH_PATHS = (
					"$(inherited)",
					"@executable_path/Frameworks",
				);
				PRODUCT_BUNDLE_IDENTIFIER = com.SpainwotheS.GSTest;
				PRODUCT_NAME = "$(TARGET_NAME)";
				SWIFT_VERSION = 5.0;
				TARGETED_DEVICE_FAMILY = "1,2";
			};
			name = Release;
		};
/* End XCBuildConfiguration section */

/* Begin XCConfigurationList section */
		F2C8D49E25C3C7D600ECDD36 /* Build configuration list for PBXProject "GSTest" */ = {
			isa = XCConfigurationList;
			buildConfigurations = (
				F2C8D4B025C3C7D900ECDD36 /* Debug */,
				F2C8D4B125C3C7D900ECDD36 /* Release */,
			);
			defaultConfigurationIsVisible = 0;
			defaultConfigurationName = Release;
		};
		F2C8D4B225C3C7D900ECDD36 /* Build configuration list for PBXNativeTarget "GSTest" */ = {
			isa = XCConfigurationList;
			buildConfigurations = (
				F2C8D4B325C3C7D900ECDD36 /* Debug */,
				F2C8D4B425C3C7D900ECDD36 /* Release */,
			);
			defaultConfigurationIsVisible = 0;
			defaultConfigurationName = Release;
		};
/* End XCConfigurationList section */
	};
	rootObject = F2C8D49B25C3C7D600ECDD36 /* Project object */;
}
